// !$*UTF8*$!
{
	archiveVersion = 1;
	classes = {
	};
	objectVersion = 56;
	objects = {

/* Begin PBXBuildFile section */
		1260EFF22D78BFD100911BB3 /* stackmetronomeApp.swift in Sources */ = {isa = PBXBuildFile; fileRef = 1260EFF12D78BFD100911BB3 /* stackmetronomeApp.swift */; };
		1260EFF42D78BFD100911BB3 /* ContentView.swift in Sources */ = {isa = PBXBuildFile; fileRef = 1260EFF32D78BFD100911BB3 /* ContentView.swift */; };
		1260EFF62D78BFD400911BB3 /* Assets.xcassets in Resources */ = {isa = PBXBuildFile; fileRef = 1260EFF52D78BFD400911BB3 /* Assets.xcassets */; };
		1260EFFA2D78BFD400911BB3 /* Preview Assets.xcassets in Resources */ = {isa = PBXBuildFile; fileRef = 1260EFF92D78BFD400911BB3 /* Preview Assets.xcassets */; };
		1260F0042D78BFD400911BB3 /* stackmetronomeTests.swift in Sources */ = {isa = PBXBuildFile; fileRef = 1260F0032D78BFD400911BB3 /* stackmetronomeTests.swift */; };
		1260F00E2D78BFD400911BB3 /* stackmetronomeUITests.swift in Sources */ = {isa = PBXBuildFile; fileRef = 1260F00D2D78BFD400911BB3 /* stackmetronomeUITests.swift */; };
		1260F0102D78BFD400911BB3 /* stackmetronomeUITestsLaunchTests.swift in Sources */ = {isa = PBXBuildFile; fileRef = 1260F00F2D78BFD400911BB3 /* stackmetronomeUITestsLaunchTests.swift */; };
		1260F01E2D78C26C00911BB3 /* accent.wav in Resources */ = {isa = PBXBuildFile; fileRef = 1260F01C2D78C26B00911BB3 /* accent.wav */; };
		1260F01F2D78C26C00911BB3 /* tick.wav in Resources */ = {isa = PBXBuildFile; fileRef = 1260F01D2D78C26C00911BB3 /* tick.wav */; };
/* End PBXBuildFile section */

/* Begin PBXContainerItemProxy section */
		1260F0002D78BFD400911BB3 /* PBXContainerItemProxy */ = {
			isa = PBXContainerItemProxy;
			containerPortal = 1260EFE62D78BFD100911BB3 /* Project object */;
			proxyType = 1;
			remoteGlobalIDString = 1260EFED2D78BFD100911BB3;
			remoteInfo = stackmetronome;
		};
		1260F00A2D78BFD400911BB3 /* PBXContainerItemProxy */ = {
			isa = PBXContainerItemProxy;
			containerPortal = 1260EFE62D78BFD100911BB3 /* Project object */;
			proxyType = 1;
			remoteGlobalIDString = 1260EFED2D78BFD100911BB3;
			remoteInfo = stackmetronome;
		};
/* End PBXContainerItemProxy section */

/* Begin PBXFileReference section */
		1260EFEE2D78BFD100911BB3 /* stackmetronome.app */ = {isa = PBXFileReference; explicitFileType = wrapper.application; includeInIndex = 0; path = stackmetronome.app; sourceTree = BUILT_PRODUCTS_DIR; };
		1260EFF12D78BFD100911BB3 /* stackmetronomeApp.swift */ = {isa = PBXFileReference; lastKnownFileType = sourcecode.swift; path = stackmetronomeApp.swift; sourceTree = "<group>"; };
		1260EFF32D78BFD100911BB3 /* ContentView.swift */ = {isa = PBXFileReference; lastKnownFileType = sourcecode.swift; path = ContentView.swift; sourceTree = "<group>"; };
		1260EFF52D78BFD400911BB3 /* Assets.xcassets */ = {isa = PBXFileReference; lastKnownFileType = folder.assetcatalog; path = Assets.xcassets; sourceTree = "<group>"; };
		1260EFF72D78BFD400911BB3 /* stackmetronome.entitlements */ = {isa = PBXFileReference; lastKnownFileType = text.plist.entitlements; path = stackmetronome.entitlements; sourceTree = "<group>"; };
		1260EFF92D78BFD400911BB3 /* Preview Assets.xcassets */ = {isa = PBXFileReference; lastKnownFileType = folder.assetcatalog; path = "Preview Assets.xcassets"; sourceTree = "<group>"; };
		1260EFFF2D78BFD400911BB3 /* stackmetronomeTests.xctest */ = {isa = PBXFileReference; explicitFileType = wrapper.cfbundle; includeInIndex = 0; path = stackmetronomeTests.xctest; sourceTree = BUILT_PRODUCTS_DIR; };
		1260F0032D78BFD400911BB3 /* stackmetronomeTests.swift */ = {isa = PBXFileReference; lastKnownFileType = sourcecode.swift; path = stackmetronomeTests.swift; sourceTree = "<group>"; };
		1260F0092D78BFD400911BB3 /* stackmetronomeUITests.xctest */ = {isa = PBXFileReference; explicitFileType = wrapper.cfbundle; includeInIndex = 0; path = stackmetronomeUITests.xctest; sourceTree = BUILT_PRODUCTS_DIR; };
		1260F00D2D78BFD400911BB3 /* stackmetronomeUITests.swift */ = {isa = PBXFileReference; lastKnownFileType = sourcecode.swift; path = stackmetronomeUITests.swift; sourceTree = "<group>"; };
		1260F00F2D78BFD400911BB3 /* stackmetronomeUITestsLaunchTests.swift */ = {isa = PBXFileReference; lastKnownFileType = sourcecode.swift; path = stackmetronomeUITestsLaunchTests.swift; sourceTree = "<group>"; };
		1260F01C2D78C26B00911BB3 /* accent.wav */ = {isa = PBXFileReference; lastKnownFileType = audio.wav; path = accent.wav; sourceTree = "<group>"; };
		1260F01D2D78C26C00911BB3 /* tick.wav */ = {isa = PBXFileReference; lastKnownFileType = audio.wav; path = tick.wav; sourceTree = "<group>"; };
/* End PBXFileReference section */

/* Begin PBXFrameworksBuildPhase section */
		1260EFEB2D78BFD100911BB3 /* Frameworks */ = {
			isa = PBXFrameworksBuildPhase;
			buildActionMask = 2147483647;
			files = (
			);
			runOnlyForDeploymentPostprocessing = 0;
		};
		1260EFFC2D78BFD400911BB3 /* Frameworks */ = {
			isa = PBXFrameworksBuildPhase;
			buildActionMask = 2147483647;
			files = (
			);
			runOnlyForDeploymentPostprocessing = 0;
		};
		1260F0062D78BFD400911BB3 /* Frameworks */ = {
			isa = PBXFrameworksBuildPhase;
			buildActionMask = 2147483647;
			files = (
			);
			runOnlyForDeploymentPostprocessing = 0;
		};
/* End PBXFrameworksBuildPhase section */

/* Begin PBXGroup section */
		1260EFE52D78BFD100911BB3 = {
			isa = PBXGroup;
			children = (
				1260EFF02D78BFD100911BB3 /* stackmetronome */,
				1260F0022D78BFD400911BB3 /* stackmetronomeTests */,
				1260F00C2D78BFD400911BB3 /* stackmetronomeUITests */,
				1260EFEF2D78BFD100911BB3 /* Products */,
			);
			sourceTree = "<group>";
		};
		1260EFEF2D78BFD100911BB3 /* Products */ = {
			isa = PBXGroup;
			children = (
				1260EFEE2D78BFD100911BB3 /* stackmetronome.app */,
				1260EFFF2D78BFD400911BB3 /* stackmetronomeTests.xctest */,
				1260F0092D78BFD400911BB3 /* stackmetronomeUITests.xctest */,
			);
			name = Products;
			sourceTree = "<group>";
		};
		1260EFF02D78BFD100911BB3 /* stackmetronome */ = {
			isa = PBXGroup;
			children = (
				1260EFF12D78BFD100911BB3 /* stackmetronomeApp.swift */,
				1260EFF32D78BFD100911BB3 /* ContentView.swift */,
				1260EFF52D78BFD400911BB3 /* Assets.xcassets */,
				1260F01C2D78C26B00911BB3 /* accent.wav */,
				1260F01D2D78C26C00911BB3 /* tick.wav */,
				1260EFF72D78BFD400911BB3 /* stackmetronome.entitlements */,
				1260EFF82D78BFD400911BB3 /* Preview Content */,
			);
			path = stackmetronome;
			sourceTree = "<group>";
		};
		1260EFF82D78BFD400911BB3 /* Preview Content */ = {
			isa = PBXGroup;
			children = (
				1260EFF92D78BFD400911BB3 /* Preview Assets.xcassets */,
			);
			path = "Preview Content";
			sourceTree = "<group>";
		};
		1260F0022D78BFD400911BB3 /* stackmetronomeTests */ = {
			isa = PBXGroup;
			children = (
				1260F0032D78BFD400911BB3 /* stackmetronomeTests.swift */,
			);
			path = stackmetronomeTests;
			sourceTree = "<group>";
		};
		1260F00C2D78BFD400911BB3 /* stackmetronomeUITests */ = {
			isa = PBXGroup;
			children = (
				1260F00D2D78BFD400911BB3 /* stackmetronomeUITests.swift */,
				1260F00F2D78BFD400911BB3 /* stackmetronomeUITestsLaunchTests.swift */,
			);
			path = stackmetronomeUITests;
			sourceTree = "<group>";
		};
/* End PBXGroup section */

/* Begin PBXNativeTarget section */
		1260EFED2D78BFD100911BB3 /* stackmetronome */ = {
			isa = PBXNativeTarget;
			buildConfigurationList = 1260F0132D78BFD400911BB3 /* Build configuration list for PBXNativeTarget "stackmetronome" */;
			buildPhases = (
				1260EFEA2D78BFD100911BB3 /* Sources */,
				1260EFEB2D78BFD100911BB3 /* Frameworks */,
				1260EFEC2D78BFD100911BB3 /* Resources */,
			);
			buildRules = (
			);
			dependencies = (
			);
			name = stackmetronome;
			productName = stackmetronome;
			productReference = 1260EFEE2D78BFD100911BB3 /* stackmetronome.app */;
			productType = "com.apple.product-type.application";
		};
		1260EFFE2D78BFD400911BB3 /* stackmetronomeTests */ = {
			isa = PBXNativeTarget;
			buildConfigurationList = 1260F0162D78BFD400911BB3 /* Build configuration list for PBXNativeTarget "stackmetronomeTests" */;
			buildPhases = (
				1260EFFB2D78BFD400911BB3 /* Sources */,
				1260EFFC2D78BFD400911BB3 /* Frameworks */,
				1260EFFD2D78BFD400911BB3 /* Resources */,
			);
			buildRules = (
			);
			dependencies = (
				1260F0012D78BFD400911BB3 /* PBXTargetDependency */,
			);
			name = stackmetronomeTests;
			productName = stackmetronomeTests;
			productReference = 1260EFFF2D78BFD400911BB3 /* stackmetronomeTests.xctest */;
			productType = "com.apple.product-type.bundle.unit-test";
		};
		1260F0082D78BFD400911BB3 /* stackmetronomeUITests */ = {
			isa = PBXNativeTarget;
			buildConfigurationList = 1260F0192D78BFD400911BB3 /* Build configuration list for PBXNativeTarget "stackmetronomeUITests" */;
			buildPhases = (
				1260F0052D78BFD400911BB3 /* Sources */,
				1260F0062D78BFD400911BB3 /* Frameworks */,
				1260F0072D78BFD400911BB3 /* Resources */,
			);
			buildRules = (
			);
			dependencies = (
				1260F00B2D78BFD400911BB3 /* PBXTargetDependency */,
			);
			name = stackmetronomeUITests;
			productName = stackmetronomeUITests;
			productReference = 1260F0092D78BFD400911BB3 /* stackmetronomeUITests.xctest */;
			productType = "com.apple.product-type.bundle.ui-testing";
		};
/* End PBXNativeTarget section */

/* Begin PBXProject section */
		1260EFE62D78BFD100911BB3 /* Project object */ = {
			isa = PBXProject;
			attributes = {
				BuildIndependentTargetsInParallel = 1;
				LastSwiftUpdateCheck = 1410;
				LastUpgradeCheck = 1410;
				TargetAttributes = {
					1260EFED2D78BFD100911BB3 = {
						CreatedOnToolsVersion = 14.1;
					};
					1260EFFE2D78BFD400911BB3 = {
						CreatedOnToolsVersion = 14.1;
						TestTargetID = 1260EFED2D78BFD100911BB3;
					};
					1260F0082D78BFD400911BB3 = {
						CreatedOnToolsVersion = 14.1;
						TestTargetID = 1260EFED2D78BFD100911BB3;
					};
				};
			};
			buildConfigurationList = 1260EFE92D78BFD100911BB3 /* Build configuration list for PBXProject "stackmetronome" */;
			compatibilityVersion = "Xcode 14.0";
			developmentRegion = en;
			hasScannedForEncodings = 0;
			knownRegions = (
				en,
				Base,
			);
			mainGroup = 1260EFE52D78BFD100911BB3;
			productRefGroup = 1260EFEF2D78BFD100911BB3 /* Products */;
			projectDirPath = "";
			projectRoot = "";
			targets = (
				1260EFED2D78BFD100911BB3 /* stackmetronome */,
				1260EFFE2D78BFD400911BB3 /* stackmetronomeTests */,
				1260F0082D78BFD400911BB3 /* stackmetronomeUITests */,
			);
		};
/* End PBXProject section */

/* Begin PBXResourcesBuildPhase section */
		1260EFEC2D78BFD100911BB3 /* Resources */ = {
			isa = PBXResourcesBuildPhase;
			buildActionMask = 2147483647;
			files = (
				1260EFFA2D78BFD400911BB3 /* Preview Assets.xcassets in Resources */,
				1260EFF62D78BFD400911BB3 /* Assets.xcassets in Resources */,
				1260F01E2D78C26C00911BB3 /* accent.wav in Resources */,
				1260F01F2D78C26C00911BB3 /* tick.wav in Resources */,
			);
			runOnlyForDeploymentPostprocessing = 0;
		};
		1260EFFD2D78BFD400911BB3 /* Resources */ = {
			isa = PBXResourcesBuildPhase;
			buildActionMask = 2147483647;
			files = (
			);
			runOnlyForDeploymentPostprocessing = 0;
		};
		1260F0072D78BFD400911BB3 /* Resources */ = {
			isa = PBXResourcesBuildPhase;
			buildActionMask = 2147483647;
			files = (
			);
			runOnlyForDeploymentPostprocessing = 0;
		};
/* End PBXResourcesBuildPhase section */

/* Begin PBXSourcesBuildPhase section */
		1260EFEA2D78BFD100911BB3 /* Sources */ = {
			isa = PBXSourcesBuildPhase;
			buildActionMask = 2147483647;
			files = (
				1260EFF42D78BFD100911BB3 /* ContentView.swift in Sources */,
				1260EFF22D78BFD100911BB3 /* stackmetronomeApp.swift in Sources */,
			);
			runOnlyForDeploymentPostprocessing = 0;
		};
		1260EFFB2D78BFD400911BB3 /* Sources */ = {
			isa = PBXSourcesBuildPhase;
			buildActionMask = 2147483647;
			files = (
				1260F0042D78BFD400911BB3 /* stackmetronomeTests.swift in Sources */,
			);
			runOnlyForDeploymentPostprocessing = 0;
		};
		1260F0052D78BFD400911BB3 /* Sources */ = {
			isa = PBXSourcesBuildPhase;
			buildActionMask = 2147483647;
			files = (
				1260F0102D78BFD400911BB3 /* stackmetronomeUITestsLaunchTests.swift in Sources */,
				1260F00E2D78BFD400911BB3 /* stackmetronomeUITests.swift in Sources */,
			);
			runOnlyForDeploymentPostprocessing = 0;
		};
/* End PBXSourcesBuildPhase section */

/* Begin PBXTargetDependency section */
		1260F0012D78BFD400911BB3 /* PBXTargetDependency */ = {
			isa = PBXTargetDependency;
			target = 1260EFED2D78BFD100911BB3 /* stackmetronome */;
			targetProxy = 1260F0002D78BFD400911BB3 /* PBXContainerItemProxy */;
		};
		1260F00B2D78BFD400911BB3 /* PBXTargetDependency */ = {
			isa = PBXTargetDependency;
			target = 1260EFED2D78BFD100911BB3 /* stackmetronome */;
			targetProxy = 1260F00A2D78BFD400911BB3 /* PBXContainerItemProxy */;
		};
/* End PBXTargetDependency section */

/* Begin XCBuildConfiguration section */
		1260F0112D78BFD400911BB3 /* Debug */ = {
			isa = XCBuildConfiguration;
			buildSettings = {
				ALWAYS_SEARCH_USER_PATHS = NO;
				CLANG_ANALYZER_NONNULL = YES;
				CLANG_ANALYZER_NUMBER_OBJECT_CONVERSION = YES_AGGRESSIVE;
				CLANG_CXX_LANGUAGE_STANDARD = "gnu++20";
				CLANG_ENABLE_MODULES = YES;
				CLANG_ENABLE_OBJC_ARC = YES;
				CLANG_ENABLE_OBJC_WEAK = YES;
				CLANG_WARN_BLOCK_CAPTURE_AUTORELEASING = YES;
				CLANG_WARN_BOOL_CONVERSION = YES;
				CLANG_WARN_COMMA = YES;
				CLANG_WARN_CONSTANT_CONVERSION = YES;
				CLANG_WARN_DEPRECATED_OBJC_IMPLEMENTATIONS = YES;
				CLANG_WARN_DIRECT_OBJC_ISA_USAGE = YES_ERROR;
				CLANG_WARN_DOCUMENTATION_COMMENTS = YES;
				CLANG_WARN_EMPTY_BODY = YES;
				CLANG_WARN_ENUM_CONVERSION = YES;
				CLANG_WARN_INFINITE_RECURSION = YES;
				CLANG_WARN_INT_CONVERSION = YES;
				CLANG_WARN_NON_LITERAL_NULL_CONVERSION = YES;
				CLANG_WARN_OBJC_IMPLICIT_RETAIN_SELF = YES;
				CLANG_WARN_OBJC_LITERAL_CONVERSION = YES;
				CLANG_WARN_OBJC_ROOT_CLASS = YES_ERROR;
				CLANG_WARN_QUOTED_INCLUDE_IN_FRAMEWORK_HEADER = YES;
				CLANG_WARN_RANGE_LOOP_ANALYSIS = YES;
				CLANG_WARN_STRICT_PROTOTYPES = YES;
				CLANG_WARN_SUSPICIOUS_MOVE = YES;
				CLANG_WARN_UNGUARDED_AVAILABILITY = YES_AGGRESSIVE;
				CLANG_WARN_UNREACHABLE_CODE = YES;
				CLANG_WARN__DUPLICATE_METHOD_MATCH = YES;
				COPY_PHASE_STRIP = NO;
				DEBUG_INFORMATION_FORMAT = dwarf;
				ENABLE_STRICT_OBJC_MSGSEND = YES;
				ENABLE_TESTABILITY = YES;
				GCC_C_LANGUAGE_STANDARD = gnu11;
				GCC_DYNAMIC_NO_PIC = NO;
				GCC_NO_COMMON_BLOCKS = YES;
				GCC_OPTIMIZATION_LEVEL = 0;
				GCC_PREPROCESSOR_DEFINITIONS = (
					"DEBUG=1",
					"$(inherited)",
				);
				GCC_WARN_64_TO_32_BIT_CONVERSION = YES;
				GCC_WARN_ABOUT_RETURN_TYPE = YES_ERROR;
				GCC_WARN_UNDECLARED_SELECTOR = YES;
				GCC_WARN_UNINITIALIZED_AUTOS = YES_AGGRESSIVE;
				GCC_WARN_UNUSED_FUNCTION = YES;
				GCC_WARN_UNUSED_VARIABLE = YES;
				MTL_ENABLE_DEBUG_INFO = INCLUDE_SOURCE;
				MTL_FAST_MATH = YES;
				ONLY_ACTIVE_ARCH = YES;
				SWIFT_ACTIVE_COMPILATION_CONDITIONS = DEBUG;
				SWIFT_OPTIMIZATION_LEVEL = "-Onone";
			};
			name = Debug;
		};
		1260F0122D78BFD400911BB3 /* Release */ = {
			isa = XCBuildConfiguration;
			buildSettings = {
				ALWAYS_SEARCH_USER_PATHS = NO;
				CLANG_ANALYZER_NONNULL = YES;
				CLANG_ANALYZER_NUMBER_OBJECT_CONVERSION = YES_AGGRESSIVE;
				CLANG_CXX_LANGUAGE_STANDARD = "gnu++20";
				CLANG_ENABLE_MODULES = YES;
				CLANG_ENABLE_OBJC_ARC = YES;
				CLANG_ENABLE_OBJC_WEAK = YES;
				CLANG_WARN_BLOCK_CAPTURE_AUTORELEASING = YES;
				CLANG_WARN_BOOL_CONVERSION = YES;
				CLANG_WARN_COMMA = YES;
				CLANG_WARN_CONSTANT_CONVERSION = YES;
				CLANG_WARN_DEPRECATED_OBJC_IMPLEMENTATIONS = YES;
				CLANG_WARN_DIRECT_OBJC_ISA_USAGE = YES_ERROR;
				CLANG_WARN_DOCUMENTATION_COMMENTS = YES;
				CLANG_WARN_EMPTY_BODY = YES;
				CLANG_WARN_ENUM_CONVERSION = YES;
				CLANG_WARN_INFINITE_RECURSION = YES;
				CLANG_WARN_INT_CONVERSION = YES;
				CLANG_WARN_NON_LITERAL_NULL_CONVERSION = YES;
				CLANG_WARN_OBJC_IMPLICIT_RETAIN_SELF = YES;
				CLANG_WARN_OBJC_LITERAL_CONVERSION = YES;
				CLANG_WARN_OBJC_ROOT_CLASS = YES_ERROR;
				CLANG_WARN_QUOTED_INCLUDE_IN_FRAMEWORK_HEADER = YES;
				CLANG_WARN_RANGE_LOOP_ANALYSIS = YES;
				CLANG_WARN_STRICT_PROTOTYPES = YES;
				CLANG_WARN_SUSPICIOUS_MOVE = YES;
				CLANG_WARN_UNGUARDED_AVAILABILITY = YES_AGGRESSIVE;
				CLANG_WARN_UNREACHABLE_CODE = YES;
				CLANG_WARN__DUPLICATE_METHOD_MATCH = YES;
				COPY_PHASE_STRIP = NO;
				DEBUG_INFORMATION_FORMAT = "dwarf-with-dsym";
				ENABLE_NS_ASSERTIONS = NO;
				ENABLE_STRICT_OBJC_MSGSEND = YES;
				GCC_C_LANGUAGE_STANDARD = gnu11;
				GCC_NO_COMMON_BLOCKS = YES;
				GCC_WARN_64_TO_32_BIT_CONVERSION = YES;
				GCC_WARN_ABOUT_RETURN_TYPE = YES_ERROR;
				GCC_WARN_UNDECLARED_SELECTOR = YES;
				GCC_WARN_UNINITIALIZED_AUTOS = YES_AGGRESSIVE;
				GCC_WARN_UNUSED_FUNCTION = YES;
				GCC_WARN_UNUSED_VARIABLE = YES;
				MTL_ENABLE_DEBUG_INFO = NO;
				MTL_FAST_MATH = YES;
				SWIFT_COMPILATION_MODE = wholemodule;
				SWIFT_OPTIMIZATION_LEVEL = "-O";
			};
			name = Release;
		};
		1260F0142D78BFD400911BB3 /* Debug */ = {
			isa = XCBuildConfiguration;
			buildSettings = {
				ASSETCATALOG_COMPILER_APPICON_NAME = AppIcon;
				ASSETCATALOG_COMPILER_GLOBAL_ACCENT_COLOR_NAME = AccentColor;
				CODE_SIGN_ENTITLEMENTS = stackmetronome/stackmetronome.entitlements;
				CODE_SIGN_STYLE = Automatic;
				CURRENT_PROJECT_VERSION = 1;
				DEVELOPMENT_ASSET_PATHS = "\"stackmetronome/Preview Content\"";
				DEVELOPMENT_TEAM = 437A2Z4YAQ;
				ENABLE_HARDENED_RUNTIME = YES;
				ENABLE_PREVIEWS = YES;
				GENERATE_INFOPLIST_FILE = YES;
				"INFOPLIST_KEY_UIApplicationSceneManifest_Generation[sdk=iphoneos*]" = YES;
				"INFOPLIST_KEY_UIApplicationSceneManifest_Generation[sdk=iphonesimulator*]" = YES;
				"INFOPLIST_KEY_UIApplicationSupportsIndirectInputEvents[sdk=iphoneos*]" = YES;
				"INFOPLIST_KEY_UIApplicationSupportsIndirectInputEvents[sdk=iphonesimulator*]" = YES;
				"INFOPLIST_KEY_UILaunchScreen_Generation[sdk=iphoneos*]" = YES;
				"INFOPLIST_KEY_UILaunchScreen_Generation[sdk=iphonesimulator*]" = YES;
				"INFOPLIST_KEY_UIStatusBarStyle[sdk=iphoneos*]" = UIStatusBarStyleDefault;
				"INFOPLIST_KEY_UIStatusBarStyle[sdk=iphonesimulator*]" = UIStatusBarStyleDefault;
				INFOPLIST_KEY_UISupportedInterfaceOrientations_iPad = "UIInterfaceOrientationPortrait UIInterfaceOrientationPortraitUpsideDown UIInterfaceOrientationLandscapeLeft UIInterfaceOrientationLandscapeRight";
				INFOPLIST_KEY_UISupportedInterfaceOrientations_iPhone = "UIInterfaceOrientationPortrait UIInterfaceOrientationLandscapeLeft UIInterfaceOrientationLandscapeRight";
				IPHONEOS_DEPLOYMENT_TARGET = 16.1;
				LD_RUNPATH_SEARCH_PATHS = "@executable_path/Frameworks";
				"LD_RUNPATH_SEARCH_PATHS[sdk=macosx*]" = "@executable_path/../Frameworks";
				MACOSX_DEPLOYMENT_TARGET = 13.0;
				MARKETING_VERSION = 1.0;
				PRODUCT_BUNDLE_IDENTIFIER = com.akinori.stackmetronome;
				PRODUCT_NAME = "$(TARGET_NAME)";
				SDKROOT = auto;
				SUPPORTED_PLATFORMS = "iphoneos iphonesimulator macosx";
				SWIFT_EMIT_LOC_STRINGS = YES;
				SWIFT_VERSION = 5.0;
				TARGETED_DEVICE_FAMILY = "1,2";
			};
			name = Debug;
		};
		1260F0152D78BFD400911BB3 /* Release */ = {
			isa = XCBuildConfiguration;
			buildSettings = {
				ASSETCATALOG_COMPILER_APPICON_NAME = AppIcon;
				ASSETCATALOG_COMPILER_GLOBAL_ACCENT_COLOR_NAME = AccentColor;
				CODE_SIGN_ENTITLEMENTS = stackmetronome/stackmetronome.entitlements;
				CODE_SIGN_STYLE = Automatic;
				CURRENT_PROJECT_VERSION = 1;
				DEVELOPMENT_ASSET_PATHS = "\"stackmetronome/Preview Content\"";
				DEVELOPMENT_TEAM = 437A2Z4YAQ;
				ENABLE_HARDENED_RUNTIME = YES;
				ENABLE_PREVIEWS = YES;
				GENERATE_INFOPLIST_FILE = YES;
				"INFOPLIST_KEY_UIApplicationSceneManifest_Generation[sdk=iphoneos*]" = YES;
				"INFOPLIST_KEY_UIApplicationSceneManifest_Generation[sdk=iphonesimulator*]" = YES;
				"INFOPLIST_KEY_UIApplicationSupportsIndirectInputEvents[sdk=iphoneos*]" = YES;
				"INFOPLIST_KEY_UIApplicationSupportsIndirectInputEvents[sdk=iphonesimulator*]" = YES;
				"INFOPLIST_KEY_UILaunchScreen_Generation[sdk=iphoneos*]" = YES;
				"INFOPLIST_KEY_UILaunchScreen_Generation[sdk=iphonesimulator*]" = YES;
				"INFOPLIST_KEY_UIStatusBarStyle[sdk=iphoneos*]" = UIStatusBarStyleDefault;
				"INFOPLIST_KEY_UIStatusBarStyle[sdk=iphonesimulator*]" = UIStatusBarStyleDefault;
				INFOPLIST_KEY_UISupportedInterfaceOrientations_iPad = "UIInterfaceOrientationPortrait UIInterfaceOrientationPortraitUpsideDown UIInterfaceOrientationLandscapeLeft UIInterfaceOrientationLandscapeRight";
				INFOPLIST_KEY_UISupportedInterfaceOrientations_iPhone = "UIInterfaceOrientationPortrait UIInterfaceOrientationLandscapeLeft UIInterfaceOrientationLandscapeRight";
				IPHONEOS_DEPLOYMENT_TARGET = 16.1;
				LD_RUNPATH_SEARCH_PATHS = "@executable_path/Frameworks";
				"LD_RUNPATH_SEARCH_PATHS[sdk=macosx*]" = "@executable_path/../Frameworks";
				MACOSX_DEPLOYMENT_TARGET = 13.0;
				MARKETING_VERSION = 1.0;
				PRODUCT_BUNDLE_IDENTIFIER = com.akinori.stackmetronome;
				PRODUCT_NAME = "$(TARGET_NAME)";
				SDKROOT = auto;
				SUPPORTED_PLATFORMS = "iphoneos iphonesimulator macosx";
				SWIFT_EMIT_LOC_STRINGS = YES;
				SWIFT_VERSION = 5.0;
				TARGETED_DEVICE_FAMILY = "1,2";
			};
			name = Release;
		};
		1260F0172D78BFD400911BB3 /* Debug */ = {
			isa = XCBuildConfiguration;
			buildSettings = {
				ALWAYS_EMBED_SWIFT_STANDARD_LIBRARIES = YES;
				BUNDLE_LOADER = "$(TEST_HOST)";
				CODE_SIGN_STYLE = Automatic;
				CURRENT_PROJECT_VERSION = 1;
				DEVELOPMENT_TEAM = 437A2Z4YAQ;
				GENERATE_INFOPLIST_FILE = YES;
				IPHONEOS_DEPLOYMENT_TARGET = 16.1;
				MACOSX_DEPLOYMENT_TARGET = 13.0;
				MARKETING_VERSION = 1.0;
				PRODUCT_BUNDLE_IDENTIFIER = com.akinori.stackmetronomeTests;
				PRODUCT_NAME = "$(TARGET_NAME)";
				SDKROOT = auto;
				SUPPORTED_PLATFORMS = "iphoneos iphonesimulator macosx";
				SWIFT_EMIT_LOC_STRINGS = NO;
				SWIFT_VERSION = 5.0;
				TARGETED_DEVICE_FAMILY = "1,2";
				TEST_HOST = "$(BUILT_PRODUCTS_DIR)/stackmetronome.app/$(BUNDLE_EXECUTABLE_FOLDER_PATH)/stackmetronome";
			};
			name = Debug;
		};
		1260F0182D78BFD400911BB3 /* Release */ = {
			isa = XCBuildConfiguration;
			buildSettings = {
				ALWAYS_EMBED_SWIFT_STANDARD_LIBRARIES = YES;
				BUNDLE_LOADER = "$(TEST_HOST)";
				CODE_SIGN_STYLE = Automatic;
				CURRENT_PROJECT_VERSION = 1;
				DEVELOPMENT_TEAM = 437A2Z4YAQ;
				GENERATE_INFOPLIST_FILE = YES;
				IPHONEOS_DEPLOYMENT_TARGET = 16.1;
				MACOSX_DEPLOYMENT_TARGET = 13.0;
				MARKETING_VERSION = 1.0;
				PRODUCT_BUNDLE_IDENTIFIER = com.akinori.stackmetronomeTests;
				PRODUCT_NAME = "$(TARGET_NAME)";
				SDKROOT = auto;
				SUPPORTED_PLATFORMS = "iphoneos iphonesimulator macosx";
				SWIFT_EMIT_LOC_STRINGS = NO;
				SWIFT_VERSION = 5.0;
				TARGETED_DEVICE_FAMILY = "1,2";
				TEST_HOST = "$(BUILT_PRODUCTS_DIR)/stackmetronome.app/$(BUNDLE_EXECUTABLE_FOLDER_PATH)/stackmetronome";
			};
			name = Release;
		};
		1260F01A2D78BFD400911BB3 /* Debug */ = {
			isa = XCBuildConfiguration;
			buildSettings = {
				ALWAYS_EMBED_SWIFT_STANDARD_LIBRARIES = YES;
				CODE_SIGN_STYLE = Automatic;
				CURRENT_PROJECT_VERSION = 1;
				DEVELOPMENT_TEAM = 437A2Z4YAQ;
				GENERATE_INFOPLIST_FILE = YES;
				IPHONEOS_DEPLOYMENT_TARGET = 16.1;
				MACOSX_DEPLOYMENT_TARGET = 13.0;
				MARKETING_VERSION = 1.0;
				PRODUCT_BUNDLE_IDENTIFIER = com.akinori.stackmetronomeUITests;
				PRODUCT_NAME = "$(TARGET_NAME)";
				SDKROOT = auto;
				SUPPORTED_PLATFORMS = "iphoneos iphonesimulator macosx";
				SWIFT_EMIT_LOC_STRINGS = NO;
				SWIFT_VERSION = 5.0;
				TARGETED_DEVICE_FAMILY = "1,2";
				TEST_TARGET_NAME = stackmetronome;
			};
			name = Debug;
		};
		1260F01B2D78BFD400911BB3 /* Release */ = {
			isa = XCBuildConfiguration;
			buildSettings = {
				ALWAYS_EMBED_SWIFT_STANDARD_LIBRARIES = YES;
				CODE_SIGN_STYLE = Automatic;
				CURRENT_PROJECT_VERSION = 1;
				DEVELOPMENT_TEAM = 437A2Z4YAQ;
				GENERATE_INFOPLIST_FILE = YES;
				IPHONEOS_DEPLOYMENT_TARGET = 16.1;
				MACOSX_DEPLOYMENT_TARGET = 13.0;
				MARKETING_VERSION = 1.0;
				PRODUCT_BUNDLE_IDENTIFIER = com.akinori.stackmetronomeUITests;
				PRODUCT_NAME = "$(TARGET_NAME)";
				SDKROOT = auto;
				SUPPORTED_PLATFORMS = "iphoneos iphonesimulator macosx";
				SWIFT_EMIT_LOC_STRINGS = NO;
				SWIFT_VERSION = 5.0;
				TARGETED_DEVICE_FAMILY = "1,2";
				TEST_TARGET_NAME = stackmetronome;
			};
			name = Release;
		};
/* End XCBuildConfiguration section */

/* Begin XCConfigurationList section */
		1260EFE92D78BFD100911BB3 /* Build configuration list for PBXProject "stackmetronome" */ = {
			isa = XCConfigurationList;
			buildConfigurations = (
				1260F0112D78BFD400911BB3 /* Debug */,
				1260F0122D78BFD400911BB3 /* Release */,
			);
			defaultConfigurationIsVisible = 0;
			defaultConfigurationName = Release;
		};
		1260F0132D78BFD400911BB3 /* Build configuration list for PBXNativeTarget "stackmetronome" */ = {
			isa = XCConfigurationList;
			buildConfigurations = (
				1260F0142D78BFD400911BB3 /* Debug */,
				1260F0152D78BFD400911BB3 /* Release */,
			);
			defaultConfigurationIsVisible = 0;
			defaultConfigurationName = Release;
		};
		1260F0162D78BFD400911BB3 /* Build configuration list for PBXNativeTarget "stackmetronomeTests" */ = {
			isa = XCConfigurationList;
			buildConfigurations = (
				1260F0172D78BFD400911BB3 /* Debug */,
				1260F0182D78BFD400911BB3 /* Release */,
			);
			defaultConfigurationIsVisible = 0;
			defaultConfigurationName = Release;
		};
		1260F0192D78BFD400911BB3 /* Build configuration list for PBXNativeTarget "stackmetronomeUITests" */ = {
			isa = XCConfigurationList;
			buildConfigurations = (
				1260F01A2D78BFD400911BB3 /* Debug */,
				1260F01B2D78BFD400911BB3 /* Release */,
			);
			defaultConfigurationIsVisible = 0;
			defaultConfigurationName = Release;
		};
/* End XCConfigurationList section */
	};
	rootObject = 1260EFE62D78BFD100911BB3 /* Project object */;
}
